// !$*UTF8*$!
{
	archiveVersion = 1;
	classes = {
	};
	objectVersion = 50;
	objects = {

/* Begin PBXBuildFile section */
		EE29A8FA20EF706D00FA1707 /* Category.swift in Sources */ = {isa = PBXBuildFile; fileRef = EE29A8F920EF706D00FA1707 /* Category.swift */; };
		EE29A8FD20EF714000FA1707 /* DataService.swift in Sources */ = {isa = PBXBuildFile; fileRef = EE29A8FC20EF714000FA1707 /* DataService.swift */; };
		EE29A8FF20EF73AA00FA1707 /* Product.swift in Sources */ = {isa = PBXBuildFile; fileRef = EE29A8FE20EF73AA00FA1707 /* Product.swift */; };
		EE29A90220EFF55B00FA1707 /* CategoryTableViewCell.swift in Sources */ = {isa = PBXBuildFile; fileRef = EE29A90120EFF55B00FA1707 /* CategoryTableViewCell.swift */; };
		EEB14CEF20EE48FC0076F09E /* AppDelegate.swift in Sources */ = {isa = PBXBuildFile; fileRef = EEB14CEE20EE48FC0076F09E /* AppDelegate.swift */; };
		EEB14CF120EE48FD0076F09E /* ViewController.swift in Sources */ = {isa = PBXBuildFile; fileRef = EEB14CF020EE48FD0076F09E /* ViewController.swift */; };
		EEB14CF420EE48FD0076F09E /* Main.storyboard in Resources */ = {isa = PBXBuildFile; fileRef = EEB14CF220EE48FD0076F09E /* Main.storyboard */; };
		EEB14CF620EE48FE0076F09E /* Assets.xcassets in Resources */ = {isa = PBXBuildFile; fileRef = EEB14CF520EE48FE0076F09E /* Assets.xcassets */; };
		EEB14CF920EE48FE0076F09E /* LaunchScreen.storyboard in Resources */ = {isa = PBXBuildFile; fileRef = EEB14CF720EE48FE0076F09E /* LaunchScreen.storyboard */; };
/* End PBXBuildFile section */

/* Begin PBXFileReference section */
		EE29A8F920EF706D00FA1707 /* Category.swift */ = {isa = PBXFileReference; lastKnownFileType = sourcecode.swift; path = Category.swift; sourceTree = "<group>"; };
		EE29A8FC20EF714000FA1707 /* DataService.swift */ = {isa = PBXFileReference; lastKnownFileType = sourcecode.swift; path = DataService.swift; sourceTree = "<group>"; };
		EE29A8FE20EF73AA00FA1707 /* Product.swift */ = {isa = PBXFileReference; lastKnownFileType = sourcecode.swift; path = Product.swift; sourceTree = "<group>"; };
		EE29A90120EFF55B00FA1707 /* CategoryTableViewCell.swift */ = {isa = PBXFileReference; lastKnownFileType = sourcecode.swift; path = CategoryTableViewCell.swift; sourceTree = "<group>"; };
		EEB14CEB20EE48FC0076F09E /* Shopper.app */ = {isa = PBXFileReference; explicitFileType = wrapper.application; includeInIndex = 0; path = Shopper.app; sourceTree = BUILT_PRODUCTS_DIR; };
		EEB14CEE20EE48FC0076F09E /* AppDelegate.swift */ = {isa = PBXFileReference; lastKnownFileType = sourcecode.swift; path = AppDelegate.swift; sourceTree = "<group>"; };
		EEB14CF020EE48FD0076F09E /* ViewController.swift */ = {isa = PBXFileReference; lastKnownFileType = sourcecode.swift; path = ViewController.swift; sourceTree = "<group>"; };
		EEB14CF320EE48FD0076F09E /* Base */ = {isa = PBXFileReference; lastKnownFileType = file.storyboard; name = Base; path = Base.lproj/Main.storyboard; sourceTree = "<group>"; };
		EEB14CF520EE48FE0076F09E /* Assets.xcassets */ = {isa = PBXFileReference; lastKnownFileType = folder.assetcatalog; path = Assets.xcassets; sourceTree = "<group>"; };
		EEB14CF820EE48FE0076F09E /* Base */ = {isa = PBXFileReference; lastKnownFileType = file.storyboard; name = Base; path = Base.lproj/LaunchScreen.storyboard; sourceTree = "<group>"; };
		EEB14CFA20EE48FE0076F09E /* Info.plist */ = {isa = PBXFileReference; lastKnownFileType = text.plist.xml; path = Info.plist; sourceTree = "<group>"; };
/* End PBXFileReference section */

/* Begin PBXFrameworksBuildPhase section */
		EEB14CE820EE48FC0076F09E /* Frameworks */ = {
			isa = PBXFrameworksBuildPhase;
			buildActionMask = 2147483647;
			files = (
			);
			runOnlyForDeploymentPostprocessing = 0;
		};
/* End PBXFrameworksBuildPhase section */

/* Begin PBXGroup section */
		EE29A90020EFF51D00FA1707 /* View */ = {
			isa = PBXGroup;
			children = (
				EE29A90120EFF55B00FA1707 /* CategoryTableViewCell.swift */,
			);
			path = View;
			sourceTree = "<group>";
		};
		EEB14CE220EE48FC0076F09E = {
			isa = PBXGroup;
			children = (
				EEB14CED20EE48FC0076F09E /* Shopper */,
				EEB14CEC20EE48FC0076F09E /* Products */,
			);
			sourceTree = "<group>";
		};
		EEB14CEC20EE48FC0076F09E /* Products */ = {
			isa = PBXGroup;
			children = (
				EEB14CEB20EE48FC0076F09E /* Shopper.app */,
			);
			name = Products;
			sourceTree = "<group>";
		};
		EEB14CED20EE48FC0076F09E /* Shopper */ = {
			isa = PBXGroup;
			children = (
				EE29A90020EFF51D00FA1707 /* View */,
				EEB14D0220EE498A0076F09E /* Model */,
				EEB14D0120EE49800076F09E /* Controller */,
				EEB14D0020EE49720076F09E /* Services */,
				EEB14CEE20EE48FC0076F09E /* AppDelegate.swift */,
				EEB14CF220EE48FD0076F09E /* Main.storyboard */,
				EEB14CF520EE48FE0076F09E /* Assets.xcassets */,
				EEB14CF720EE48FE0076F09E /* LaunchScreen.storyboard */,
				EEB14CFA20EE48FE0076F09E /* Info.plist */,
			);
			path = Shopper;
			sourceTree = "<group>";
		};
		EEB14D0020EE49720076F09E /* Services */ = {
			isa = PBXGroup;
			children = (
				EE29A8FC20EF714000FA1707 /* DataService.swift */,
			);
			path = Services;
			sourceTree = "<group>";
		};
		EEB14D0120EE49800076F09E /* Controller */ = {
			isa = PBXGroup;
			children = (
				EEB14CF020EE48FD0076F09E /* ViewController.swift */,
			);
			path = Controller;
			sourceTree = "<group>";
		};
		EEB14D0220EE498A0076F09E /* Model */ = {
			isa = PBXGroup;
			children = (
				EE29A8F920EF706D00FA1707 /* Category.swift */,
				EE29A8FE20EF73AA00FA1707 /* Product.swift */,
			);
			path = Model;
			sourceTree = "<group>";
		};
/* End PBXGroup section */

/* Begin PBXNativeTarget section */
		EEB14CEA20EE48FC0076F09E /* Shopper */ = {
			isa = PBXNativeTarget;
			buildConfigurationList = EEB14CFD20EE48FE0076F09E /* Build configuration list for PBXNativeTarget "Shopper" */;
			buildPhases = (
				EEB14CE720EE48FC0076F09E /* Sources */,
				EEB14CE820EE48FC0076F09E /* Frameworks */,
				EEB14CE920EE48FC0076F09E /* Resources */,
			);
			buildRules = (
			);
			dependencies = (
			);
			name = Shopper;
			productName = Shopper;
			productReference = EEB14CEB20EE48FC0076F09E /* Shopper.app */;
			productType = "com.apple.product-type.application";
		};
/* End PBXNativeTarget section */

/* Begin PBXProject section */
		EEB14CE320EE48FC0076F09E /* Project object */ = {
			isa = PBXProject;
			attributes = {
				LastSwiftUpdateCheck = 0940;
				LastUpgradeCheck = 0940;
				ORGANIZATIONNAME = "SHOBHIT SHARMA";
				TargetAttributes = {
					EEB14CEA20EE48FC0076F09E = {
						CreatedOnToolsVersion = 9.4.1;
					};
				};
			};
			buildConfigurationList = EEB14CE620EE48FC0076F09E /* Build configuration list for PBXProject "Shopper" */;
			compatibilityVersion = "Xcode 9.3";
			developmentRegion = en;
			hasScannedForEncodings = 0;
			knownRegions = (
				en,
				Base,
			);
			mainGroup = EEB14CE220EE48FC0076F09E;
			productRefGroup = EEB14CEC20EE48FC0076F09E /* Products */;
			projectDirPath = "";
			projectRoot = "";
			targets = (
				EEB14CEA20EE48FC0076F09E /* Shopper */,
			);
		};
/* End PBXProject section */

/* Begin PBXResourcesBuildPhase section */
		EEB14CE920EE48FC0076F09E /* Resources */ = {
			isa = PBXResourcesBuildPhase;
			buildActionMask = 2147483647;
			files = (
				EEB14CF920EE48FE0076F09E /* LaunchScreen.storyboard in Resources */,
				EEB14CF620EE48FE0076F09E /* Assets.xcassets in Resources */,
				EEB14CF420EE48FD0076F09E /* Main.storyboard in Resources */,
			);
			runOnlyForDeploymentPostprocessing = 0;
		};
/* End PBXResourcesBuildPhase section */

/* Begin PBXSourcesBuildPhase section */
		EEB14CE720EE48FC0076F09E /* Sources */ = {
			isa = PBXSourcesBuildPhase;
			buildActionMask = 2147483647;
			files = (
				EEB14CF120EE48FD0076F09E /* ViewController.swift in Sources */,
				EEB14CEF20EE48FC0076F09E /* AppDelegate.swift in Sources */,
				EE29A8FF20EF73AA00FA1707 /* Product.swift in Sources */,
				EE29A8FA20EF706D00FA1707 /* Category.swift in Sources */,
				EE29A8FD20EF714000FA1707 /* DataService.swift in Sources */,
				EE29A90220EFF55B00FA1707 /* CategoryTableViewCell.swift in Sources */,
			);
			runOnlyForDeploymentPostprocessing = 0;
		};
/* End PBXSourcesBuildPhase section */

/* Begin PBXVariantGroup section */
		EEB14CF220EE48FD0076F09E /* Main.storyboard */ = {
			isa = PBXVariantGroup;
			children = (
				EEB14CF320EE48FD0076F09E /* Base */,
			);
			name = Main.storyboard;
			sourceTree = "<group>";
		};
		EEB14CF720EE48FE0076F09E /* LaunchScreen.storyboard */ = {
			isa = PBXVariantGroup;
			children = (
				EEB14CF820EE48FE0076F09E /* Base */,
			);
			name = LaunchScreen.storyboard;
			sourceTree = "<group>";
		};
/* End PBXVariantGroup section */

/* Begin XCBuildConfiguration section */
		EEB14CFB20EE48FE0076F09E /* Debug */ = {
			isa = XCBuildConfiguration;
			buildSettings = {
				ALWAYS_SEARCH_USER_PATHS = NO;
				CLANG_ANALYZER_NONNULL = YES;
				CLANG_ANALYZER_NUMBER_OBJECT_CONVERSION = YES_AGGRESSIVE;
				CLANG_CXX_LANGUAGE_STANDARD = "gnu++14";
				CLANG_CXX_LIBRARY = "libc++";
				CLANG_ENABLE_MODULES = YES;
				CLANG_ENABLE_OBJC_ARC = YES;
				CLANG_ENABLE_OBJC_WEAK = YES;
				CLANG_WARN_BLOCK_CAPTURE_AUTORELEASING = YES;
				CLANG_WARN_BOOL_CONVERSION = YES;
				CLANG_WARN_COMMA = YES;
				CLANG_WARN_CONSTANT_CONVERSION = YES;
				CLANG_WARN_DEPRECATED_OBJC_IMPLEMENTATIONS = YES;
				CLANG_WARN_DIRECT_OBJC_ISA_USAGE = YES_ERROR;
				CLANG_WARN_DOCUMENTATION_COMMENTS = YES;
				CLANG_WARN_EMPTY_BODY = YES;
				CLANG_WARN_ENUM_CONVERSION = YES;
				CLANG_WARN_INFINITE_RECURSION = YES;
				CLANG_WARN_INT_CONVERSION = YES;
				CLANG_WARN_NON_LITERAL_NULL_CONVERSION = YES;
				CLANG_WARN_OBJC_IMPLICIT_RETAIN_SELF = YES;
				CLANG_WARN_OBJC_LITERAL_CONVERSION = YES;
				CLANG_WARN_OBJC_ROOT_CLASS = YES_ERROR;
				CLANG_WARN_RANGE_LOOP_ANALYSIS = YES;
				CLANG_WARN_STRICT_PROTOTYPES = YES;
				CLANG_WARN_SUSPICIOUS_MOVE = YES;
				CLANG_WARN_UNGUARDED_AVAILABILITY = YES_AGGRESSIVE;
				CLANG_WARN_UNREACHABLE_CODE = YES;
				CLANG_WARN__DUPLICATE_METHOD_MATCH = YES;
				CODE_SIGN_IDENTITY = "iPhone Developer";
				COPY_PHASE_STRIP = NO;
				DEBUG_INFORMATION_FORMAT = dwarf;
				ENABLE_STRICT_OBJC_MSGSEND = YES;
				ENABLE_TESTABILITY = YES;
				GCC_C_LANGUAGE_STANDARD = gnu11;
				GCC_DYNAMIC_NO_PIC = NO;
				GCC_NO_COMMON_BLOCKS = YES;
				GCC_OPTIMIZATION_LEVEL = 0;
				GCC_PREPROCESSOR_DEFINITIONS = (
					"DEBUG=1",
					"$(inherited)",
				);
				GCC_WARN_64_TO_32_BIT_CONVERSION = YES;
				GCC_WARN_ABOUT_RETURN_TYPE = YES_ERROR;
				GCC_WARN_UNDECLARED_SELECTOR = YES;
				GCC_WARN_UNINITIALIZED_AUTOS = YES_AGGRESSIVE;
				GCC_WARN_UNUSED_FUNCTION = YES;
				GCC_WARN_UNUSED_VARIABLE = YES;
				IPHONEOS_DEPLOYMENT_TARGET = 11.4;
				MTL_ENABLE_DEBUG_INFO = YES;
				ONLY_ACTIVE_ARCH = YES;
				SDKROOT = iphoneos;
				SWIFT_ACTIVE_COMPILATION_CONDITIONS = DEBUG;
				SWIFT_OPTIMIZATION_LEVEL = "-Onone";
			};
			name = Debug;
		};
		EEB14CFC20EE48FE0076F09E /* Release */ = {
			isa = XCBuildConfiguration;
			buildSettings = {
				ALWAYS_SEARCH_USER_PATHS = NO;
				CLANG_ANALYZER_NONNULL = YES;
				CLANG_ANALYZER_NUMBER_OBJECT_CONVERSION = YES_AGGRESSIVE;
				CLANG_CXX_LANGUAGE_STANDARD = "gnu++14";
				CLANG_CXX_LIBRARY = "libc++";
				CLANG_ENABLE_MODULES = YES;
				CLANG_ENABLE_OBJC_ARC = YES;
				CLANG_ENABLE_OBJC_WEAK = YES;
				CLANG_WARN_BLOCK_CAPTURE_AUTORELEASING = YES;
				CLANG_WARN_BOOL_CONVERSION = YES;
				CLANG_WARN_COMMA = YES;
				CLANG_WARN_CONSTANT_CONVERSION = YES;
				CLANG_WARN_DEPRECATED_OBJC_IMPLEMENTATIONS = YES;
				CLANG_WARN_DIRECT_OBJC_ISA_USAGE = YES_ERROR;
				CLANG_WARN_DOCUMENTATION_COMMENTS = YES;
				CLANG_WARN_EMPTY_BODY = YES;
				CLANG_WARN_ENUM_CONVERSION = YES;
				CLANG_WARN_INFINITE_RECURSION = YES;
				CLANG_WARN_INT_CONVERSION = YES;
				CLANG_WARN_NON_LITERAL_NULL_CONVERSION = YES;
				CLANG_WARN_OBJC_IMPLICIT_RETAIN_SELF = YES;
				CLANG_WARN_OBJC_LITERAL_CONVERSION = YES;
				CLANG_WARN_OBJC_ROOT_CLASS = YES_ERROR;
				CLANG_WARN_RANGE_LOOP_ANALYSIS = YES;
				CLANG_WARN_STRICT_PROTOTYPES = YES;
				CLANG_WARN_SUSPICIOUS_MOVE = YES;
				CLANG_WARN_UNGUARDED_AVAILABILITY = YES_AGGRESSIVE;
				CLANG_WARN_UNREACHABLE_CODE = YES;
				CLANG_WARN__DUPLICATE_METHOD_MATCH = YES;
				CODE_SIGN_IDENTITY = "iPhone Developer";
				COPY_PHASE_STRIP = NO;
				DEBUG_INFORMATION_FORMAT = "dwarf-with-dsym";
				ENABLE_NS_ASSERTIONS = NO;
				ENABLE_STRICT_OBJC_MSGSEND = YES;
				GCC_C_LANGUAGE_STANDARD = gnu11;
				GCC_NO_COMMON_BLOCKS = YES;
				GCC_WARN_64_TO_32_BIT_CONVERSION = YES;
				GCC_WARN_ABOUT_RETURN_TYPE = YES_ERROR;
				GCC_WARN_UNDECLARED_SELECTOR = YES;
				GCC_WARN_UNINITIALIZED_AUTOS = YES_AGGRESSIVE;
				GCC_WARN_UNUSED_FUNCTION = YES;
				GCC_WARN_UNUSED_VARIABLE = YES;
				IPHONEOS_DEPLOYMENT_TARGET = 11.4;
				MTL_ENABLE_DEBUG_INFO = NO;
				SDKROOT = iphoneos;
				SWIFT_COMPILATION_MODE = wholemodule;
				SWIFT_OPTIMIZATION_LEVEL = "-O";
				VALIDATE_PRODUCT = YES;
			};
			name = Release;
		};
		EEB14CFE20EE48FE0076F09E /* Debug */ = {
			isa = XCBuildConfiguration;
			buildSettings = {
				ASSETCATALOG_COMPILER_APPICON_NAME = AppIcon;
				CODE_SIGN_STYLE = Automatic;
				DEVELOPMENT_TEAM = 985WQ4SBU7;
				INFOPLIST_FILE = Shopper/Info.plist;
				LD_RUNPATH_SEARCH_PATHS = (
					"$(inherited)",
					"@executable_path/Frameworks",
				);
				PRODUCT_BUNDLE_IDENTIFIER = com.shobhit.Shopper;
				PRODUCT_NAME = "$(TARGET_NAME)";
				SWIFT_VERSION = 4.0;
				TARGETED_DEVICE_FAMILY = "1,2";
			};
			name = Debug;
		};
		EEB14CFF20EE48FE0076F09E /* Release */ = {
			isa = XCBuildConfiguration;
			buildSettings = {
				ASSETCATALOG_COMPILER_APPICON_NAME = AppIcon;
				CODE_SIGN_STYLE = Automatic;
				DEVELOPMENT_TEAM = 985WQ4SBU7;
				INFOPLIST_FILE = Shopper/Info.plist;
				LD_RUNPATH_SEARCH_PATHS = (
					"$(inherited)",
					"@executable_path/Frameworks",
				);
				PRODUCT_BUNDLE_IDENTIFIER = com.shobhit.Shopper;
				PRODUCT_NAME = "$(TARGET_NAME)";
				SWIFT_VERSION = 4.0;
				TARGETED_DEVICE_FAMILY = "1,2";
			};
			name = Release;
		};
/* End XCBuildConfiguration section */

/* Begin XCConfigurationList section */
		EEB14CE620EE48FC0076F09E /* Build configuration list for PBXProject "Shopper" */ = {
			isa = XCConfigurationList;
			buildConfigurations = (
				EEB14CFB20EE48FE0076F09E /* Debug */,
				EEB14CFC20EE48FE0076F09E /* Release */,
			);
			defaultConfigurationIsVisible = 0;
			defaultConfigurationName = Release;
		};
		EEB14CFD20EE48FE0076F09E /* Build configuration list for PBXNativeTarget "Shopper" */ = {
			isa = XCConfigurationList;
			buildConfigurations = (
				EEB14CFE20EE48FE0076F09E /* Debug */,
				EEB14CFF20EE48FE0076F09E /* Release */,
			);
			defaultConfigurationIsVisible = 0;
			defaultConfigurationName = Release;
		};
/* End XCConfigurationList section */
	};
	rootObject = EEB14CE320EE48FC0076F09E /* Project object */;
}
